
Microsoft Visual Studio Solution File, Format Version 12.00
# Visual Studio Version 17
VisualStudioVersion = 17.9.34714.143
MinimumVisualStudioVersion = 10.0.40219.1
Project("{FAE04EC0-301F-11D3-BF4B-00C04F79EFBC}") = "DungeonAssistantAI_ASPCore", "DungeonAssistantAI_ASPCore\DungeonAssistantAI_ASPCore.csproj", "{C1E48968-94DA-4959-BA73-03B196C034EE}"
EndProject
Global
	GlobalSection(SolutionConfigurationPlatforms) = preSolution
		Debug|Any CPU = Debug|Any CPU
		Release|Any CPU = Release|Any CPU
	EndGlobalSection
	GlobalSection(ProjectConfigurationPlatforms) = postSolution
		{C1E48968-94DA-4959-BA73-03B196C034EE}.Debug|Any CPU.ActiveCfg = Debug|Any CPU
		{C1E48968-94DA-4959-BA73-03B196C034EE}.Debug|Any CPU.Build.0 = Debug|Any CPU
		{C1E48968-94DA-4959-BA73-03B196C034EE}.Release|Any CPU.ActiveCfg = Release|Any CPU
		{C1E48968-94DA-4959-BA73-03B196C034EE}.Release|Any CPU.Build.0 = Release|Any CPU
	EndGlobalSection
	GlobalSection(SolutionProperties) = preSolution
		HideSolutionNode = FALSE
	EndGlobalSection
	GlobalSection(ExtensibilityGlobals) = postSolution
		SolutionGuid = {E0A488B9-5814-4F2C-954D-BB3F07D4EBFB}
	EndGlobalSection
EndGlobal
